
Microsoft Visual Studio Solution File, Format Version 12.00
# Visual Studio Version 16
VisualStudioVersion = 16.0.33801.447
MinimumVisualStudioVersion = 10.0.40219.1
Project("{FAE04EC0-301F-11D3-BF4B-00C04F79EFBC}") = "DelegatorOperatorPrac", "DelegatorOperatorPrac\DelegatorOperatorPrac.csproj", "{3A07A4D9-7435-490F-9B79-766B091FA9F7}"
EndProject
Global
	GlobalSection(SolutionConfigurationPlatforms) = preSolution
		Debug|Any CPU = Debug|Any CPU
		Release|Any CPU = Release|Any CPU
	EndGlobalSection
	GlobalSection(ProjectConfigurationPlatforms) = postSolution
		{3A07A4D9-7435-490F-9B79-766B091FA9F7}.Debug|Any CPU.ActiveCfg = Debug|Any CPU
		{3A07A4D9-7435-490F-9B79-766B091FA9F7}.Debug|Any CPU.Build.0 = Debug|Any CPU
		{3A07A4D9-7435-490F-9B79-766B091FA9F7}.Release|Any CPU.ActiveCfg = Release|Any CPU
		{3A07A4D9-7435-490F-9B79-766B091FA9F7}.Release|Any CPU.Build.0 = Release|Any CPU
	EndGlobalSection
	GlobalSection(SolutionProperties) = preSolution
		HideSolutionNode = FALSE
	EndGlobalSection
	GlobalSection(ExtensibilityGlobals) = postSolution
		SolutionGuid = {10FF7D36-2220-4060-A10E-BC5E644CBCD8}
	EndGlobalSection
EndGlobal
